{
  "name": "tftkit",
  "lockfileVersion": 3,
  "requires": true,
  "packages": {
    "": {
      "name": "tftkit",
      "optionalDependencies": {
        "highs": "^1.15.2"
      }
    },
    "node_modules/highs": {
      "version": "1.15.2",
      "resolved": "https://registry.npmjs.org/highs/-/highs-1.15.2.tgz",
      "integrity": "sha512-IugrQ7Z8nSMHgVneTFwzV8fIfaR85l/kGhN+jvEDbm5k5MlGXtq1Zp2hy1fkmHA71nCmIg9F7ayWfEPxLpfUyA==",
      "license": "MIT",
      "optional": true
    }
  }
}
